
Microsoft Visual Studio Solution File, Format Version 12.00
# Visual Studio 2013
VisualStudioVersion = 12.0.21005.1
MinimumVisualStudioVersion = 10.0.40219.1
Project("{FAE04EC0-301F-11D3-BF4B-00C04F79EFBC}") = "DevIM", "DevIM\DevIM.csproj", "{6A90BEDE-6D32-4B3F-AA93-27004199701D}"
EndProject
Project("{FAE04EC0-301F-11D3-BF4B-00C04F79EFBC}") = "IMServer", "IMServer\IMServer.csproj", "{5A7CA480-2661-4F7E-9B94-3DA8EC7C7303}"
EndProject
Project("{FAE04EC0-301F-11D3-BF4B-00C04F79EFBC}") = "Foundation.Core", "Foundation.Core\Foundation.Core.csproj", "{398B7FEE-94CD-4F66-A5B4-180F8E443C83}"
EndProject
Global
	GlobalSection(SolutionConfigurationPlatforms) = preSolution
		Debug|Any CPU = Debug|Any CPU
		Release|Any CPU = Release|Any CPU
	EndGlobalSection
	GlobalSection(ProjectConfigurationPlatforms) = postSolution
		{6A90BEDE-6D32-4B3F-AA93-27004199701D}.Debug|Any CPU.ActiveCfg = Debug|Any CPU
		{6A90BEDE-6D32-4B3F-AA93-27004199701D}.Debug|Any CPU.Build.0 = Debug|Any CPU
		{6A90BEDE-6D32-4B3F-AA93-27004199701D}.Release|Any CPU.ActiveCfg = Release|Any CPU
		{6A90BEDE-6D32-4B3F-AA93-27004199701D}.Release|Any CPU.Build.0 = Release|Any CPU
		{5A7CA480-2661-4F7E-9B94-3DA8EC7C7303}.Debug|Any CPU.ActiveCfg = Debug|Any CPU
		{5A7CA480-2661-4F7E-9B94-3DA8EC7C7303}.Debug|Any CPU.Build.0 = Debug|Any CPU
		{5A7CA480-2661-4F7E-9B94-3DA8EC7C7303}.Release|Any CPU.ActiveCfg = Release|Any CPU
		{5A7CA480-2661-4F7E-9B94-3DA8EC7C7303}.Release|Any CPU.Build.0 = Release|Any CPU
		{398B7FEE-94CD-4F66-A5B4-180F8E443C83}.Debug|Any CPU.ActiveCfg = Debug|Any CPU
		{398B7FEE-94CD-4F66-A5B4-180F8E443C83}.Debug|Any CPU.Build.0 = Debug|Any CPU
		{398B7FEE-94CD-4F66-A5B4-180F8E443C83}.Release|Any CPU.ActiveCfg = Release|Any CPU
		{398B7FEE-94CD-4F66-A5B4-180F8E443C83}.Release|Any CPU.Build.0 = Release|Any CPU
	EndGlobalSection
	GlobalSection(SolutionProperties) = preSolution
		HideSolutionNode = FALSE
	EndGlobalSection
EndGlobal
