
Microsoft Visual Studio Solution File, Format Version 12.00
# Visual Studio 2013
VisualStudioVersion = 12.0.21005.1
MinimumVisualStudioVersion = 10.0.40219.1
Project("{FAE04EC0-301F-11D3-BF4B-00C04F79EFBC}") = "DevIM", "DevIM\DevIM.csproj", "{6A90BEDE-6D32-4B3F-AA93-27004199701D}"
EndProject
Project("{FAE04EC0-301F-11D3-BF4B-00C04F79EFBC}") = "IMServer", "IMServer\IMServer.csproj", "{5A7CA480-2661-4F7E-9B94-3DA8EC7C7303}"
EndProject
Project("{FAE04EC0-301F-11D3-BF4B-00C04F79EFBC}") = "Fundation.Core", "Foundation.Core\Fundation.Core.csproj", "{398B7FEE-94CD-4F66-A5B4-180F8E443C83}"
EndProject
Project("{FAE04EC0-301F-11D3-BF4B-00C04F79EFBC}") = "SocketCommunication", "SocketCommunication\SocketCommunication.csproj", "{89B53963-F4D0-4104-8FF2-34D4A1E4B4DC}"
EndProject
Project("{FAE04EC0-301F-11D3-BF4B-00C04F79EFBC}") = "AccessLibrary", "AccessLibrary\AccessLibrary.csproj", "{56F63788-4BE9-4F15-A3DF-BA7A4517FEF5}"
EndProject
Project("{FAE04EC0-301F-11D3-BF4B-00C04F79EFBC}") = "BusinessBase", "BusinessBase\BusinessBase.csproj", "{87098542-CBD2-4B6D-B643-81CD55A259B0}"
EndProject
Project("{FAE04EC0-301F-11D3-BF4B-00C04F79EFBC}") = "DevIMDataLibrary", "DevIMDataLibrary\DevIMDataLibrary.csproj", "{A44F8CA6-AB44-41B5-979A-FFD2C3A814F3}"
EndProject
Project("{FAE04EC0-301F-11D3-BF4B-00C04F79EFBC}") = "DevIMSqlLibrary", "DevIMSqlLibrary\DevIMSqlLibrary.csproj", "{62B46C9F-C581-497E-B28D-9B80C0549E31}"
EndProject
Project("{FAE04EC0-301F-11D3-BF4B-00C04F79EFBC}") = "DevIMBusiness", "DevIMBusiness\DevIMBusiness.csproj", "{F8868C1F-5A90-44E9-85B9-BD891812EA54}"
EndProject
Global
	GlobalSection(SolutionConfigurationPlatforms) = preSolution
		Debug|Any CPU = Debug|Any CPU
		Release|Any CPU = Release|Any CPU
	EndGlobalSection
	GlobalSection(ProjectConfigurationPlatforms) = postSolution
		{6A90BEDE-6D32-4B3F-AA93-27004199701D}.Debug|Any CPU.ActiveCfg = Debug|Any CPU
		{6A90BEDE-6D32-4B3F-AA93-27004199701D}.Debug|Any CPU.Build.0 = Debug|Any CPU
		{6A90BEDE-6D32-4B3F-AA93-27004199701D}.Release|Any CPU.ActiveCfg = Release|Any CPU
		{6A90BEDE-6D32-4B3F-AA93-27004199701D}.Release|Any CPU.Build.0 = Release|Any CPU
		{5A7CA480-2661-4F7E-9B94-3DA8EC7C7303}.Debug|Any CPU.ActiveCfg = Debug|Any CPU
		{5A7CA480-2661-4F7E-9B94-3DA8EC7C7303}.Debug|Any CPU.Build.0 = Debug|Any CPU
		{5A7CA480-2661-4F7E-9B94-3DA8EC7C7303}.Release|Any CPU.ActiveCfg = Release|Any CPU
		{5A7CA480-2661-4F7E-9B94-3DA8EC7C7303}.Release|Any CPU.Build.0 = Release|Any CPU
		{398B7FEE-94CD-4F66-A5B4-180F8E443C83}.Debug|Any CPU.ActiveCfg = Debug|Any CPU
		{398B7FEE-94CD-4F66-A5B4-180F8E443C83}.Debug|Any CPU.Build.0 = Debug|Any CPU
		{398B7FEE-94CD-4F66-A5B4-180F8E443C83}.Release|Any CPU.ActiveCfg = Release|Any CPU
		{398B7FEE-94CD-4F66-A5B4-180F8E443C83}.Release|Any CPU.Build.0 = Release|Any CPU
		{89B53963-F4D0-4104-8FF2-34D4A1E4B4DC}.Debug|Any CPU.ActiveCfg = Debug|Any CPU
		{89B53963-F4D0-4104-8FF2-34D4A1E4B4DC}.Debug|Any CPU.Build.0 = Debug|Any CPU
		{89B53963-F4D0-4104-8FF2-34D4A1E4B4DC}.Release|Any CPU.ActiveCfg = Release|Any CPU
		{89B53963-F4D0-4104-8FF2-34D4A1E4B4DC}.Release|Any CPU.Build.0 = Release|Any CPU
		{56F63788-4BE9-4F15-A3DF-BA7A4517FEF5}.Debug|Any CPU.ActiveCfg = Debug|Any CPU
		{56F63788-4BE9-4F15-A3DF-BA7A4517FEF5}.Debug|Any CPU.Build.0 = Debug|Any CPU
		{56F63788-4BE9-4F15-A3DF-BA7A4517FEF5}.Release|Any CPU.ActiveCfg = Release|Any CPU
		{56F63788-4BE9-4F15-A3DF-BA7A4517FEF5}.Release|Any CPU.Build.0 = Release|Any CPU
		{87098542-CBD2-4B6D-B643-81CD55A259B0}.Debug|Any CPU.ActiveCfg = Debug|Any CPU
		{87098542-CBD2-4B6D-B643-81CD55A259B0}.Debug|Any CPU.Build.0 = Debug|Any CPU
		{87098542-CBD2-4B6D-B643-81CD55A259B0}.Release|Any CPU.ActiveCfg = Release|Any CPU
		{87098542-CBD2-4B6D-B643-81CD55A259B0}.Release|Any CPU.Build.0 = Release|Any CPU
		{A44F8CA6-AB44-41B5-979A-FFD2C3A814F3}.Debug|Any CPU.ActiveCfg = Debug|Any CPU
		{A44F8CA6-AB44-41B5-979A-FFD2C3A814F3}.Debug|Any CPU.Build.0 = Debug|Any CPU
		{A44F8CA6-AB44-41B5-979A-FFD2C3A814F3}.Release|Any CPU.ActiveCfg = Release|Any CPU
		{A44F8CA6-AB44-41B5-979A-FFD2C3A814F3}.Release|Any CPU.Build.0 = Release|Any CPU
		{62B46C9F-C581-497E-B28D-9B80C0549E31}.Debug|Any CPU.ActiveCfg = Debug|Any CPU
		{62B46C9F-C581-497E-B28D-9B80C0549E31}.Debug|Any CPU.Build.0 = Debug|Any CPU
		{62B46C9F-C581-497E-B28D-9B80C0549E31}.Release|Any CPU.ActiveCfg = Release|Any CPU
		{62B46C9F-C581-497E-B28D-9B80C0549E31}.Release|Any CPU.Build.0 = Release|Any CPU
		{F8868C1F-5A90-44E9-85B9-BD891812EA54}.Debug|Any CPU.ActiveCfg = Debug|Any CPU
		{F8868C1F-5A90-44E9-85B9-BD891812EA54}.Debug|Any CPU.Build.0 = Debug|Any CPU
		{F8868C1F-5A90-44E9-85B9-BD891812EA54}.Release|Any CPU.ActiveCfg = Release|Any CPU
		{F8868C1F-5A90-44E9-85B9-BD891812EA54}.Release|Any CPU.Build.0 = Release|Any CPU
	EndGlobalSection
	GlobalSection(SolutionProperties) = preSolution
		HideSolutionNode = FALSE
	EndGlobalSection
EndGlobal
